
Microsoft Visual Studio Solution File, Format Version 12.00
# Visual Studio 2012
Project("{FAE04EC0-301F-11D3-BF4B-00C04F79EFBC}") = "index", "WebApplication1\index.csproj", "{6648C39A-8C9F-48E8-A14D-9835BA13D2A0}"
EndProject
Global
	GlobalSection(SolutionConfigurationPlatforms) = preSolution
		Debug|Any CPU = Debug|Any CPU
		Release|Any CPU = Release|Any CPU
	EndGlobalSection
	GlobalSection(ProjectConfigurationPlatforms) = postSolution
		{6648C39A-8C9F-48E8-A14D-9835BA13D2A0}.Debug|Any CPU.ActiveCfg = Debug|Any CPU
		{6648C39A-8C9F-48E8-A14D-9835BA13D2A0}.Debug|Any CPU.Build.0 = Debug|Any CPU
		{6648C39A-8C9F-48E8-A14D-9835BA13D2A0}.Release|Any CPU.ActiveCfg = Release|Any CPU
		{6648C39A-8C9F-48E8-A14D-9835BA13D2A0}.Release|Any CPU.Build.0 = Release|Any CPU
	EndGlobalSection
	GlobalSection(SolutionProperties) = preSolution
		HideSolutionNode = FALSE
	EndGlobalSection
EndGlobal
